
Microsoft Visual Studio Solution File, Format Version 12.00
# Visual Studio Version 16
VisualStudioVersion = 16.0.30907.101
MinimumVisualStudioVersion = 10.0.40219.1
Project("{2150E333-8FDC-42A3-9474-1A3956D46DE8}") = "src", "src", "{E2DD2D2F-273B-4131-BFD1-6BC25277CFD2}"
EndProject
Project("{2150E333-8FDC-42A3-9474-1A3956D46DE8}") = "tests", "tests", "{176A3073-9F85-4C89-8902-3661EC0AC8E0}"
EndProject
Project("{2150E333-8FDC-42A3-9474-1A3956D46DE8}") = "Core", "Core", "{57209917-9987-43C8-9AEE-94088A3B96E6}"
EndProject
Project("{2150E333-8FDC-42A3-9474-1A3956D46DE8}") = "Infrastructure", "Infrastructure", "{3E946CBD-F2E9-4CBB-9AE0-A565674DF9DB}"
EndProject
Project("{2150E333-8FDC-42A3-9474-1A3956D46DE8}") = "App", "App", "{C1174FF1-3719-4E56-B5FB-F1F12BC099CF}"
EndProject
Project("{FAE04EC0-301F-11D3-BF4B-00C04F79EFBC}") = "SoundCore.Domain", "SoundCore.Domain\SoundCore.Domain.csproj", "{887DB6A2-5714-45AE-BF84-10076322B61E}"
EndProject
Project("{FAE04EC0-301F-11D3-BF4B-00C04F79EFBC}") = "SoundCore.Application", "..\SoundCore.Application\SoundCore.Application.csproj", "{14DA1E60-26D2-4E28-B0AF-61ABC821DFEE}"
EndProject
Project("{FAE04EC0-301F-11D3-BF4B-00C04F79EFBC}") = "SoundCore.Persistence", "..\SoundCore.Persistence\SoundCore.Persistence.csproj", "{4D2FD112-8D7E-482E-ACCA-C5616B142822}"
EndProject
Project("{FAE04EC0-301F-11D3-BF4B-00C04F79EFBC}") = "SoundCore.Infrastructure", "..\SoundCore.Infrastructure\SoundCore.Infrastructure.csproj", "{01256EA2-BC6F-4A03-AB96-99B7B1AE6A9C}"
EndProject
Global
	GlobalSection(SolutionConfigurationPlatforms) = preSolution
		Debug|Any CPU = Debug|Any CPU
		Release|Any CPU = Release|Any CPU
	EndGlobalSection
	GlobalSection(ProjectConfigurationPlatforms) = postSolution
		{887DB6A2-5714-45AE-BF84-10076322B61E}.Debug|Any CPU.ActiveCfg = Debug|Any CPU
		{887DB6A2-5714-45AE-BF84-10076322B61E}.Debug|Any CPU.Build.0 = Debug|Any CPU
		{887DB6A2-5714-45AE-BF84-10076322B61E}.Release|Any CPU.ActiveCfg = Release|Any CPU
		{887DB6A2-5714-45AE-BF84-10076322B61E}.Release|Any CPU.Build.0 = Release|Any CPU
		{14DA1E60-26D2-4E28-B0AF-61ABC821DFEE}.Debug|Any CPU.ActiveCfg = Debug|Any CPU
		{14DA1E60-26D2-4E28-B0AF-61ABC821DFEE}.Debug|Any CPU.Build.0 = Debug|Any CPU
		{14DA1E60-26D2-4E28-B0AF-61ABC821DFEE}.Release|Any CPU.ActiveCfg = Release|Any CPU
		{14DA1E60-26D2-4E28-B0AF-61ABC821DFEE}.Release|Any CPU.Build.0 = Release|Any CPU
		{4D2FD112-8D7E-482E-ACCA-C5616B142822}.Debug|Any CPU.ActiveCfg = Debug|Any CPU
		{4D2FD112-8D7E-482E-ACCA-C5616B142822}.Debug|Any CPU.Build.0 = Debug|Any CPU
		{4D2FD112-8D7E-482E-ACCA-C5616B142822}.Release|Any CPU.ActiveCfg = Release|Any CPU
		{4D2FD112-8D7E-482E-ACCA-C5616B142822}.Release|Any CPU.Build.0 = Release|Any CPU
		{01256EA2-BC6F-4A03-AB96-99B7B1AE6A9C}.Debug|Any CPU.ActiveCfg = Debug|Any CPU
		{01256EA2-BC6F-4A03-AB96-99B7B1AE6A9C}.Debug|Any CPU.Build.0 = Debug|Any CPU
		{01256EA2-BC6F-4A03-AB96-99B7B1AE6A9C}.Release|Any CPU.ActiveCfg = Release|Any CPU
		{01256EA2-BC6F-4A03-AB96-99B7B1AE6A9C}.Release|Any CPU.Build.0 = Release|Any CPU
	EndGlobalSection
	GlobalSection(SolutionProperties) = preSolution
		HideSolutionNode = FALSE
	EndGlobalSection
	GlobalSection(NestedProjects) = preSolution
		{57209917-9987-43C8-9AEE-94088A3B96E6} = {E2DD2D2F-273B-4131-BFD1-6BC25277CFD2}
		{3E946CBD-F2E9-4CBB-9AE0-A565674DF9DB} = {E2DD2D2F-273B-4131-BFD1-6BC25277CFD2}
		{C1174FF1-3719-4E56-B5FB-F1F12BC099CF} = {E2DD2D2F-273B-4131-BFD1-6BC25277CFD2}
		{887DB6A2-5714-45AE-BF84-10076322B61E} = {57209917-9987-43C8-9AEE-94088A3B96E6}
		{14DA1E60-26D2-4E28-B0AF-61ABC821DFEE} = {57209917-9987-43C8-9AEE-94088A3B96E6}
		{4D2FD112-8D7E-482E-ACCA-C5616B142822} = {3E946CBD-F2E9-4CBB-9AE0-A565674DF9DB}
		{01256EA2-BC6F-4A03-AB96-99B7B1AE6A9C} = {3E946CBD-F2E9-4CBB-9AE0-A565674DF9DB}
	EndGlobalSection
	GlobalSection(ExtensibilityGlobals) = postSolution
		SolutionGuid = {C901BFBB-83D8-41EC-A749-6A8A87E80F08}
	EndGlobalSection
EndGlobal
