
Microsoft Visual Studio Solution File, Format Version 12.00
# Visual Studio Version 16
VisualStudioVersion = 16.0.30907.101
MinimumVisualStudioVersion = 10.0.40219.1
Project("{2150E333-8FDC-42A3-9474-1A3956D46DE8}") = "src", "src", "{E2DD2D2F-273B-4131-BFD1-6BC25277CFD2}"
EndProject
Project("{2150E333-8FDC-42A3-9474-1A3956D46DE8}") = "tests", "tests", "{176A3073-9F85-4C89-8902-3661EC0AC8E0}"
EndProject
Project("{2150E333-8FDC-42A3-9474-1A3956D46DE8}") = "Core", "Core", "{57209917-9987-43C8-9AEE-94088A3B96E6}"
EndProject
Project("{2150E333-8FDC-42A3-9474-1A3956D46DE8}") = "Infrastructure", "Infrastructure", "{3E946CBD-F2E9-4CBB-9AE0-A565674DF9DB}"
EndProject
Project("{2150E333-8FDC-42A3-9474-1A3956D46DE8}") = "App", "App", "{C1174FF1-3719-4E56-B5FB-F1F12BC099CF}"
EndProject
Project("{9A19103F-16F7-4668-BE54-9A1E7A4F7556}") = "SoundCore.Domain", "SoundCore.Domain\SoundCore.Domain.csproj", "{887DB6A2-5714-45AE-BF84-10076322B61E}"
EndProject
Project("{9A19103F-16F7-4668-BE54-9A1E7A4F7556}") = "SoundCore.Application", "SoundCore.Application\SoundCore.Application.csproj", "{108A547D-4608-4F2D-B874-D7B50EC1BDD5}"
EndProject
Project("{9A19103F-16F7-4668-BE54-9A1E7A4F7556}") = "SoundCore.Infrastructure", "SoundCore.Infrastructure\SoundCore.Infrastructure.csproj", "{052A4FF6-88BA-41BB-8995-4F14C4A65479}"
EndProject
Project("{9A19103F-16F7-4668-BE54-9A1E7A4F7556}") = "SoundCore.Persistence", "SoundCore.Persistence\SoundCore.Persistence.csproj", "{A646FC16-2D64-4DD5-9869-EB9BDF1BC5B8}"
EndProject
Project("{FAE04EC0-301F-11D3-BF4B-00C04F79EFBC}") = "SoundCore.Server", "SoundCore.Server\SoundCore.Server.csproj", "{46E2AE75-618C-41D9-83EB-6A2709CF0731}"
EndProject
Global
	GlobalSection(SolutionConfigurationPlatforms) = preSolution
		Debug|Any CPU = Debug|Any CPU
		Release|Any CPU = Release|Any CPU
	EndGlobalSection
	GlobalSection(ProjectConfigurationPlatforms) = postSolution
		{887DB6A2-5714-45AE-BF84-10076322B61E}.Debug|Any CPU.ActiveCfg = Debug|Any CPU
		{887DB6A2-5714-45AE-BF84-10076322B61E}.Debug|Any CPU.Build.0 = Debug|Any CPU
		{887DB6A2-5714-45AE-BF84-10076322B61E}.Release|Any CPU.ActiveCfg = Release|Any CPU
		{887DB6A2-5714-45AE-BF84-10076322B61E}.Release|Any CPU.Build.0 = Release|Any CPU
		{108A547D-4608-4F2D-B874-D7B50EC1BDD5}.Debug|Any CPU.ActiveCfg = Debug|Any CPU
		{108A547D-4608-4F2D-B874-D7B50EC1BDD5}.Debug|Any CPU.Build.0 = Debug|Any CPU
		{108A547D-4608-4F2D-B874-D7B50EC1BDD5}.Release|Any CPU.ActiveCfg = Release|Any CPU
		{108A547D-4608-4F2D-B874-D7B50EC1BDD5}.Release|Any CPU.Build.0 = Release|Any CPU
		{052A4FF6-88BA-41BB-8995-4F14C4A65479}.Debug|Any CPU.ActiveCfg = Debug|Any CPU
		{052A4FF6-88BA-41BB-8995-4F14C4A65479}.Debug|Any CPU.Build.0 = Debug|Any CPU
		{052A4FF6-88BA-41BB-8995-4F14C4A65479}.Release|Any CPU.ActiveCfg = Release|Any CPU
		{052A4FF6-88BA-41BB-8995-4F14C4A65479}.Release|Any CPU.Build.0 = Release|Any CPU
		{A646FC16-2D64-4DD5-9869-EB9BDF1BC5B8}.Debug|Any CPU.ActiveCfg = Debug|Any CPU
		{A646FC16-2D64-4DD5-9869-EB9BDF1BC5B8}.Debug|Any CPU.Build.0 = Debug|Any CPU
		{A646FC16-2D64-4DD5-9869-EB9BDF1BC5B8}.Release|Any CPU.ActiveCfg = Release|Any CPU
		{A646FC16-2D64-4DD5-9869-EB9BDF1BC5B8}.Release|Any CPU.Build.0 = Release|Any CPU
		{46E2AE75-618C-41D9-83EB-6A2709CF0731}.Debug|Any CPU.ActiveCfg = Debug|Any CPU
		{46E2AE75-618C-41D9-83EB-6A2709CF0731}.Debug|Any CPU.Build.0 = Debug|Any CPU
		{46E2AE75-618C-41D9-83EB-6A2709CF0731}.Release|Any CPU.ActiveCfg = Release|Any CPU
		{46E2AE75-618C-41D9-83EB-6A2709CF0731}.Release|Any CPU.Build.0 = Release|Any CPU
	EndGlobalSection
	GlobalSection(SolutionProperties) = preSolution
		HideSolutionNode = FALSE
	EndGlobalSection
	GlobalSection(NestedProjects) = preSolution
		{57209917-9987-43C8-9AEE-94088A3B96E6} = {E2DD2D2F-273B-4131-BFD1-6BC25277CFD2}
		{3E946CBD-F2E9-4CBB-9AE0-A565674DF9DB} = {E2DD2D2F-273B-4131-BFD1-6BC25277CFD2}
		{C1174FF1-3719-4E56-B5FB-F1F12BC099CF} = {E2DD2D2F-273B-4131-BFD1-6BC25277CFD2}
		{887DB6A2-5714-45AE-BF84-10076322B61E} = {57209917-9987-43C8-9AEE-94088A3B96E6}
		{108A547D-4608-4F2D-B874-D7B50EC1BDD5} = {57209917-9987-43C8-9AEE-94088A3B96E6}
		{052A4FF6-88BA-41BB-8995-4F14C4A65479} = {3E946CBD-F2E9-4CBB-9AE0-A565674DF9DB}
		{A646FC16-2D64-4DD5-9869-EB9BDF1BC5B8} = {3E946CBD-F2E9-4CBB-9AE0-A565674DF9DB}
		{46E2AE75-618C-41D9-83EB-6A2709CF0731} = {C1174FF1-3719-4E56-B5FB-F1F12BC099CF}
	EndGlobalSection
	GlobalSection(ExtensibilityGlobals) = postSolution
		SolutionGuid = {C901BFBB-83D8-41EC-A749-6A8A87E80F08}
	EndGlobalSection
EndGlobal
